// !$*UTF8*$!
{
	archiveVersion = 1;
	classes = {
	};
	objectVersion = 77;
	objects = {

/* Begin PBXContainerItemProxy section */
		EC6B4B4B2CBE8C3B00BEC9EE /* PBXContainerItemProxy */ = {
			isa = PBXContainerItemProxy;
			containerPortal = EC6B4B322CBE8C3A00BEC9EE /* Project object */;
			proxyType = 1;
			remoteGlobalIDString = EC6B4B392CBE8C3A00BEC9EE;
			remoteInfo = SwiftUiProject;
		};
		EC6B4B552CBE8C3B00BEC9EE /* PBXContainerItemProxy */ = {
			isa = PBXContainerItemProxy;
			containerPortal = EC6B4B322CBE8C3A00BEC9EE /* Project object */;
			proxyType = 1;
			remoteGlobalIDString = EC6B4B392CBE8C3A00BEC9EE;
			remoteInfo = SwiftUiProject;
		};
/* End PBXContainerItemProxy section */

/* Begin PBXFileReference section */
		EC6B4B3A2CBE8C3A00BEC9EE /* SwiftUiProject.app */ = {isa = PBXFileReference; explicitFileType = wrapper.application; includeInIndex = 0; path = SwiftUiProject.app; sourceTree = BUILT_PRODUCTS_DIR; };
		EC6B4B4A2CBE8C3B00BEC9EE /* SwiftUiProjectTests.xctest */ = {isa = PBXFileReference; explicitFileType = wrapper.cfbundle; includeInIndex = 0; path = SwiftUiProjectTests.xctest; sourceTree = BUILT_PRODUCTS_DIR; };
		EC6B4B542CBE8C3B00BEC9EE /* SwiftUiProjectUITests.xctest */ = {isa = PBXFileReference; explicitFileType = wrapper.cfbundle; includeInIndex = 0; path = SwiftUiProjectUITests.xctest; sourceTree = BUILT_PRODUCTS_DIR; };
/* End PBXFileReference section */

/* Begin PBXFileSystemSynchronizedRootGroup section */
		EC6B4B3C2CBE8C3A00BEC9EE /* SwiftUiProject */ = {
			isa = PBXFileSystemSynchronizedRootGroup;
			path = SwiftUiProject;
			sourceTree = "<group>";
		};
		EC6B4B4D2CBE8C3B00BEC9EE /* SwiftUiProjectTests */ = {
			isa = PBXFileSystemSynchronizedRootGroup;
			path = SwiftUiProjectTests;
			sourceTree = "<group>";
		};
		EC6B4B572CBE8C3B00BEC9EE /* SwiftUiProjectUITests */ = {
			isa = PBXFileSystemSynchronizedRootGroup;
			path = SwiftUiProjectUITests;
			sourceTree = "<group>";
		};
/* End PBXFileSystemSynchronizedRootGroup section */

/* Begin PBXFrameworksBuildPhase section */
		EC6B4B372CBE8C3A00BEC9EE /* Frameworks */ = {
			isa = PBXFrameworksBuildPhase;
			buildActionMask = 2147483647;
			files = (
			);
			runOnlyForDeploymentPostprocessing = 0;
		};
		EC6B4B472CBE8C3B00BEC9EE /* Frameworks */ = {
			isa = PBXFrameworksBuildPhase;
			buildActionMask = 2147483647;
			files = (
			);
			runOnlyForDeploymentPostprocessing = 0;
		};
		EC6B4B512CBE8C3B00BEC9EE /* Frameworks */ = {
			isa = PBXFrameworksBuildPhase;
			buildActionMask = 2147483647;
			files = (
			);
			runOnlyForDeploymentPostprocessing = 0;
		};
/* End PBXFrameworksBuildPhase section */

/* Begin PBXGroup section */
		EC6B4B312CBE8C3A00BEC9EE = {
			isa = PBXGroup;
			children = (
				EC6B4B3C2CBE8C3A00BEC9EE /* SwiftUiProject */,
				EC6B4B4D2CBE8C3B00BEC9EE /* SwiftUiProjectTests */,
				EC6B4B572CBE8C3B00BEC9EE /* SwiftUiProjectUITests */,
				EC6B4B3B2CBE8C3A00BEC9EE /* Products */,
			);
			sourceTree = "<group>";
		};
		EC6B4B3B2CBE8C3A00BEC9EE /* Products */ = {
			isa = PBXGroup;
			children = (
				EC6B4B3A2CBE8C3A00BEC9EE /* SwiftUiProject.app */,
				EC6B4B4A2CBE8C3B00BEC9EE /* SwiftUiProjectTests.xctest */,
				EC6B4B542CBE8C3B00BEC9EE /* SwiftUiProjectUITests.xctest */,
			);
			name = Products;
			sourceTree = "<group>";
		};
/* End PBXGroup section */

/* Begin PBXNativeTarget section */
		EC6B4B392CBE8C3A00BEC9EE /* SwiftUiProject */ = {
			isa = PBXNativeTarget;
			buildConfigurationList = EC6B4B5E2CBE8C3B00BEC9EE /* Build configuration list for PBXNativeTarget "SwiftUiProject" */;
			buildPhases = (
				EC6B4B362CBE8C3A00BEC9EE /* Sources */,
				EC6B4B372CBE8C3A00BEC9EE /* Frameworks */,
				EC6B4B382CBE8C3A00BEC9EE /* Resources */,
			);
			buildRules = (
			);
			dependencies = (
			);
			fileSystemSynchronizedGroups = (
				EC6B4B3C2CBE8C3A00BEC9EE /* SwiftUiProject */,
			);
			name = SwiftUiProject;
			packageProductDependencies = (
			);
			productName = SwiftUiProject;
			productReference = EC6B4B3A2CBE8C3A00BEC9EE /* SwiftUiProject.app */;
			productType = "com.apple.product-type.application";
		};
		EC6B4B492CBE8C3B00BEC9EE /* SwiftUiProjectTests */ = {
			isa = PBXNativeTarget;
			buildConfigurationList = EC6B4B612CBE8C3B00BEC9EE /* Build configuration list for PBXNativeTarget "SwiftUiProjectTests" */;
			buildPhases = (
				EC6B4B462CBE8C3B00BEC9EE /* Sources */,
				EC6B4B472CBE8C3B00BEC9EE /* Frameworks */,
				EC6B4B482CBE8C3B00BEC9EE /* Resources */,
			);
			buildRules = (
			);
			dependencies = (
				EC6B4B4C2CBE8C3B00BEC9EE /* PBXTargetDependency */,
			);
			fileSystemSynchronizedGroups = (
				EC6B4B4D2CBE8C3B00BEC9EE /* SwiftUiProjectTests */,
			);
			name = SwiftUiProjectTests;
			packageProductDependencies = (
			);
			productName = SwiftUiProjectTests;
			productReference = EC6B4B4A2CBE8C3B00BEC9EE /* SwiftUiProjectTests.xctest */;
			productType = "com.apple.product-type.bundle.unit-test";
		};
		EC6B4B532CBE8C3B00BEC9EE /* SwiftUiProjectUITests */ = {
			isa = PBXNativeTarget;
			buildConfigurationList = EC6B4B642CBE8C3B00BEC9EE /* Build configuration list for PBXNativeTarget "SwiftUiProjectUITests" */;
			buildPhases = (
				EC6B4B502CBE8C3B00BEC9EE /* Sources */,
				EC6B4B512CBE8C3B00BEC9EE /* Frameworks */,
				EC6B4B522CBE8C3B00BEC9EE /* Resources */,
			);
			buildRules = (
			);
			dependencies = (
				EC6B4B562CBE8C3B00BEC9EE /* PBXTargetDependency */,
			);
			fileSystemSynchronizedGroups = (
				EC6B4B572CBE8C3B00BEC9EE /* SwiftUiProjectUITests */,
			);
			name = SwiftUiProjectUITests;
			packageProductDependencies = (
			);
			productName = SwiftUiProjectUITests;
			productReference = EC6B4B542CBE8C3B00BEC9EE /* SwiftUiProjectUITests.xctest */;
			productType = "com.apple.product-type.bundle.ui-testing";
		};
/* End PBXNativeTarget section */

/* Begin PBXProject section */
		EC6B4B322CBE8C3A00BEC9EE /* Project object */ = {
			isa = PBXProject;
			attributes = {
				BuildIndependentTargetsInParallel = 1;
				LastSwiftUpdateCheck = 1600;
				LastUpgradeCheck = 1600;
				TargetAttributes = {
					EC6B4B392CBE8C3A00BEC9EE = {
						CreatedOnToolsVersion = 16.0;
					};
					EC6B4B492CBE8C3B00BEC9EE = {
						CreatedOnToolsVersion = 16.0;
						TestTargetID = EC6B4B392CBE8C3A00BEC9EE;
					};
					EC6B4B532CBE8C3B00BEC9EE = {
						CreatedOnToolsVersion = 16.0;
						TestTargetID = EC6B4B392CBE8C3A00BEC9EE;
					};
				};
			};
			buildConfigurationList = EC6B4B352CBE8C3A00BEC9EE /* Build configuration list for PBXProject "SwiftUiProject" */;
			developmentRegion = en;
			hasScannedForEncodings = 0;
			knownRegions = (
				en,
				Base,
			);
			mainGroup = EC6B4B312CBE8C3A00BEC9EE;
			minimizedProjectReferenceProxies = 1;
			preferredProjectObjectVersion = 77;
			productRefGroup = EC6B4B3B2CBE8C3A00BEC9EE /* Products */;
			projectDirPath = "";
			projectRoot = "";
			targets = (
				EC6B4B392CBE8C3A00BEC9EE /* SwiftUiProject */,
				EC6B4B492CBE8C3B00BEC9EE /* SwiftUiProjectTests */,
				EC6B4B532CBE8C3B00BEC9EE /* SwiftUiProjectUITests */,
			);
		};
/* End PBXProject section */

/* Begin PBXResourcesBuildPhase section */
		EC6B4B382CBE8C3A00BEC9EE /* Resources */ = {
			isa = PBXResourcesBuildPhase;
			buildActionMask = 2147483647;
			files = (
			);
			runOnlyForDeploymentPostprocessing = 0;
		};
		EC6B4B482CBE8C3B00BEC9EE /* Resources */ = {
			isa = PBXResourcesBuildPhase;
			buildActionMask = 2147483647;
			files = (
			);
			runOnlyForDeploymentPostprocessing = 0;
		};
		EC6B4B522CBE8C3B00BEC9EE /* Resources */ = {
			isa = PBXResourcesBuildPhase;
			buildActionMask = 2147483647;
			files = (
			);
			runOnlyForDeploymentPostprocessing = 0;
		};
/* End PBXResourcesBuildPhase section */

/* Begin PBXSourcesBuildPhase section */
		EC6B4B362CBE8C3A00BEC9EE /* Sources */ = {
			isa = PBXSourcesBuildPhase;
			buildActionMask = 2147483647;
			files = (
			);
			runOnlyForDeploymentPostprocessing = 0;
		};
		EC6B4B462CBE8C3B00BEC9EE /* Sources */ = {
			isa = PBXSourcesBuildPhase;
			buildActionMask = 2147483647;
			files = (
			);
			runOnlyForDeploymentPostprocessing = 0;
		};
		EC6B4B502CBE8C3B00BEC9EE /* Sources */ = {
			isa = PBXSourcesBuildPhase;
			buildActionMask = 2147483647;
			files = (
			);
			runOnlyForDeploymentPostprocessing = 0;
		};
/* End PBXSourcesBuildPhase section */

/* Begin PBXTargetDependency section */
		EC6B4B4C2CBE8C3B00BEC9EE /* PBXTargetDependency */ = {
			isa = PBXTargetDependency;
			target = EC6B4B392CBE8C3A00BEC9EE /* SwiftUiProject */;
			targetProxy = EC6B4B4B2CBE8C3B00BEC9EE /* PBXContainerItemProxy */;
		};
		EC6B4B562CBE8C3B00BEC9EE /* PBXTargetDependency */ = {
			isa = PBXTargetDependency;
			target = EC6B4B392CBE8C3A00BEC9EE /* SwiftUiProject */;
			targetProxy = EC6B4B552CBE8C3B00BEC9EE /* PBXContainerItemProxy */;
		};
/* End PBXTargetDependency section */

/* Begin XCBuildConfiguration section */
		EC6B4B5C2CBE8C3B00BEC9EE /* Debug */ = {
			isa = XCBuildConfiguration;
			buildSettings = {
				ALWAYS_SEARCH_USER_PATHS = NO;
				ASSETCATALOG_COMPILER_GENERATE_SWIFT_ASSET_SYMBOL_EXTENSIONS = YES;
				CLANG_ANALYZER_NONNULL = YES;
				CLANG_ANALYZER_NUMBER_OBJECT_CONVERSION = YES_AGGRESSIVE;
				CLANG_CXX_LANGUAGE_STANDARD = "gnu++20";
				CLANG_ENABLE_MODULES = YES;
				CLANG_ENABLE_OBJC_ARC = YES;
				CLANG_ENABLE_OBJC_WEAK = YES;
				CLANG_WARN_BLOCK_CAPTURE_AUTORELEASING = YES;
				CLANG_WARN_BOOL_CONVERSION = YES;
				CLANG_WARN_COMMA = YES;
				CLANG_WARN_CONSTANT_CONVERSION = YES;
				CLANG_WARN_DEPRECATED_OBJC_IMPLEMENTATIONS = YES;
				CLANG_WARN_DIRECT_OBJC_ISA_USAGE = YES_ERROR;
				CLANG_WARN_DOCUMENTATION_COMMENTS = YES;
				CLANG_WARN_EMPTY_BODY = YES;
				CLANG_WARN_ENUM_CONVERSION = YES;
				CLANG_WARN_INFINITE_RECURSION = YES;
				CLANG_WARN_INT_CONVERSION = YES;
				CLANG_WARN_NON_LITERAL_NULL_CONVERSION = YES;
				CLANG_WARN_OBJC_IMPLICIT_RETAIN_SELF = YES;
				CLANG_WARN_OBJC_LITERAL_CONVERSION = YES;
				CLANG_WARN_OBJC_ROOT_CLASS = YES_ERROR;
				CLANG_WARN_QUOTED_INCLUDE_IN_FRAMEWORK_HEADER = YES;
				CLANG_WARN_RANGE_LOOP_ANALYSIS = YES;
				CLANG_WARN_STRICT_PROTOTYPES = YES;
				CLANG_WARN_SUSPICIOUS_MOVE = YES;
				CLANG_WARN_UNGUARDED_AVAILABILITY = YES_AGGRESSIVE;
				CLANG_WARN_UNREACHABLE_CODE = YES;
				CLANG_WARN__DUPLICATE_METHOD_MATCH = YES;
				COPY_PHASE_STRIP = NO;
				DEBUG_INFORMATION_FORMAT = dwarf;
				ENABLE_STRICT_OBJC_MSGSEND = YES;
				ENABLE_TESTABILITY = YES;
				ENABLE_USER_SCRIPT_SANDBOXING = YES;
				GCC_C_LANGUAGE_STANDARD = gnu17;
				GCC_DYNAMIC_NO_PIC = NO;
				GCC_NO_COMMON_BLOCKS = YES;
				GCC_OPTIMIZATION_LEVEL = 0;
				GCC_PREPROCESSOR_DEFINITIONS = (
					"DEBUG=1",
					"$(inherited)",
				);
				GCC_WARN_64_TO_32_BIT_CONVERSION = YES;
				GCC_WARN_ABOUT_RETURN_TYPE = YES_ERROR;
				GCC_WARN_UNDECLARED_SELECTOR = YES;
				GCC_WARN_UNINITIALIZED_AUTOS = YES_AGGRESSIVE;
				GCC_WARN_UNUSED_FUNCTION = YES;
				GCC_WARN_UNUSED_VARIABLE = YES;
				IPHONEOS_DEPLOYMENT_TARGET = 18.0;
				LOCALIZATION_PREFERS_STRING_CATALOGS = YES;
				MTL_ENABLE_DEBUG_INFO = INCLUDE_SOURCE;
				MTL_FAST_MATH = YES;
				ONLY_ACTIVE_ARCH = YES;
				SDKROOT = iphoneos;
				SWIFT_ACTIVE_COMPILATION_CONDITIONS = "DEBUG $(inherited)";
				SWIFT_OPTIMIZATION_LEVEL = "-Onone";
			};
			name = Debug;
		};
		EC6B4B5D2CBE8C3B00BEC9EE /* Release */ = {
			isa = XCBuildConfiguration;
			buildSettings = {
				ALWAYS_SEARCH_USER_PATHS = NO;
				ASSETCATALOG_COMPILER_GENERATE_SWIFT_ASSET_SYMBOL_EXTENSIONS = YES;
				CLANG_ANALYZER_NONNULL = YES;
				CLANG_ANALYZER_NUMBER_OBJECT_CONVERSION = YES_AGGRESSIVE;
				CLANG_CXX_LANGUAGE_STANDARD = "gnu++20";
				CLANG_ENABLE_MODULES = YES;
				CLANG_ENABLE_OBJC_ARC = YES;
				CLANG_ENABLE_OBJC_WEAK = YES;
				CLANG_WARN_BLOCK_CAPTURE_AUTORELEASING = YES;
				CLANG_WARN_BOOL_CONVERSION = YES;
				CLANG_WARN_COMMA = YES;
				CLANG_WARN_CONSTANT_CONVERSION = YES;
				CLANG_WARN_DEPRECATED_OBJC_IMPLEMENTATIONS = YES;
				CLANG_WARN_DIRECT_OBJC_ISA_USAGE = YES_ERROR;
				CLANG_WARN_DOCUMENTATION_COMMENTS = YES;
				CLANG_WARN_EMPTY_BODY = YES;
				CLANG_WARN_ENUM_CONVERSION = YES;
				CLANG_WARN_INFINITE_RECURSION = YES;
				CLANG_WARN_INT_CONVERSION = YES;
				CLANG_WARN_NON_LITERAL_NULL_CONVERSION = YES;
				CLANG_WARN_OBJC_IMPLICIT_RETAIN_SELF = YES;
				CLANG_WARN_OBJC_LITERAL_CONVERSION = YES;
				CLANG_WARN_OBJC_ROOT_CLASS = YES_ERROR;
				CLANG_WARN_QUOTED_INCLUDE_IN_FRAMEWORK_HEADER = YES;
				CLANG_WARN_RANGE_LOOP_ANALYSIS = YES;
				CLANG_WARN_STRICT_PROTOTYPES = YES;
				CLANG_WARN_SUSPICIOUS_MOVE = YES;
				CLANG_WARN_UNGUARDED_AVAILABILITY = YES_AGGRESSIVE;
				CLANG_WARN_UNREACHABLE_CODE = YES;
				CLANG_WARN__DUPLICATE_METHOD_MATCH = YES;
				COPY_PHASE_STRIP = NO;
				DEBUG_INFORMATION_FORMAT = "dwarf-with-dsym";
				ENABLE_NS_ASSERTIONS = NO;
				ENABLE_STRICT_OBJC_MSGSEND = YES;
				ENABLE_USER_SCRIPT_SANDBOXING = YES;
				GCC_C_LANGUAGE_STANDARD = gnu17;
				GCC_NO_COMMON_BLOCKS = YES;
				GCC_WARN_64_TO_32_BIT_CONVERSION = YES;
				GCC_WARN_ABOUT_RETURN_TYPE = YES_ERROR;
				GCC_WARN_UNDECLARED_SELECTOR = YES;
				GCC_WARN_UNINITIALIZED_AUTOS = YES_AGGRESSIVE;
				GCC_WARN_UNUSED_FUNCTION = YES;
				GCC_WARN_UNUSED_VARIABLE = YES;
				IPHONEOS_DEPLOYMENT_TARGET = 18.0;
				LOCALIZATION_PREFERS_STRING_CATALOGS = YES;
				MTL_ENABLE_DEBUG_INFO = NO;
				MTL_FAST_MATH = YES;
				SDKROOT = iphoneos;
				SWIFT_COMPILATION_MODE = wholemodule;
				VALIDATE_PRODUCT = YES;
			};
			name = Release;
		};
		EC6B4B5F2CBE8C3B00BEC9EE /* Debug */ = {
			isa = XCBuildConfiguration;
			buildSettings = {
				ASSETCATALOG_COMPILER_APPICON_NAME = AppIcon;
				ASSETCATALOG_COMPILER_GLOBAL_ACCENT_COLOR_NAME = AccentColor;
				CODE_SIGN_STYLE = Automatic;
				CURRENT_PROJECT_VERSION = 1;
				DEVELOPMENT_ASSET_PATHS = "\"SwiftUiProject/Preview Content\"";
				ENABLE_PREVIEWS = YES;
				GENERATE_INFOPLIST_FILE = YES;
				INFOPLIST_KEY_UIApplicationSceneManifest_Generation = YES;
				INFOPLIST_KEY_UIApplicationSupportsIndirectInputEvents = YES;
				INFOPLIST_KEY_UILaunchScreen_Generation = YES;
				INFOPLIST_KEY_UISupportedInterfaceOrientations_iPad = "UIInterfaceOrientationPortrait UIInterfaceOrientationPortraitUpsideDown UIInterfaceOrientationLandscapeLeft UIInterfaceOrientationLandscapeRight";
				INFOPLIST_KEY_UISupportedInterfaceOrientations_iPhone = "UIInterfaceOrientationPortrait UIInterfaceOrientationLandscapeLeft UIInterfaceOrientationLandscapeRight";
				LD_RUNPATH_SEARCH_PATHS = (
					"$(inherited)",
					"@executable_path/Frameworks",
				);
				MARKETING_VERSION = 1.0;
				PRODUCT_BUNDLE_IDENTIFIER = fr.wadouachi.SwiftUiProject;
				PRODUCT_NAME = "$(TARGET_NAME)";
				SWIFT_EMIT_LOC_STRINGS = YES;
				SWIFT_VERSION = 5.0;
				TARGETED_DEVICE_FAMILY = "1,2";
			};
			name = Debug;
		};
		EC6B4B602CBE8C3B00BEC9EE /* Release */ = {
			isa = XCBuildConfiguration;
			buildSettings = {
				ASSETCATALOG_COMPILER_APPICON_NAME = AppIcon;
				ASSETCATALOG_COMPILER_GLOBAL_ACCENT_COLOR_NAME = AccentColor;
				CODE_SIGN_STYLE = Automatic;
				CURRENT_PROJECT_VERSION = 1;
				DEVELOPMENT_ASSET_PATHS = "\"SwiftUiProject/Preview Content\"";
				ENABLE_PREVIEWS = YES;
				GENERATE_INFOPLIST_FILE = YES;
				INFOPLIST_KEY_UIApplicationSceneManifest_Generation = YES;
				INFOPLIST_KEY_UIApplicationSupportsIndirectInputEvents = YES;
				INFOPLIST_KEY_UILaunchScreen_Generation = YES;
				INFOPLIST_KEY_UISupportedInterfaceOrientations_iPad = "UIInterfaceOrientationPortrait UIInterfaceOrientationPortraitUpsideDown UIInterfaceOrientationLandscapeLeft UIInterfaceOrientationLandscapeRight";
				INFOPLIST_KEY_UISupportedInterfaceOrientations_iPhone = "UIInterfaceOrientationPortrait UIInterfaceOrientationLandscapeLeft UIInterfaceOrientationLandscapeRight";
				LD_RUNPATH_SEARCH_PATHS = (
					"$(inherited)",
					"@executable_path/Frameworks",
				);
				MARKETING_VERSION = 1.0;
				PRODUCT_BUNDLE_IDENTIFIER = fr.wadouachi.SwiftUiProject;
				PRODUCT_NAME = "$(TARGET_NAME)";
				SWIFT_EMIT_LOC_STRINGS = YES;
				SWIFT_VERSION = 5.0;
				TARGETED_DEVICE_FAMILY = "1,2";
			};
			name = Release;
		};
		EC6B4B622CBE8C3B00BEC9EE /* Debug */ = {
			isa = XCBuildConfiguration;
			buildSettings = {
				BUNDLE_LOADER = "$(TEST_HOST)";
				CODE_SIGN_STYLE = Automatic;
				CURRENT_PROJECT_VERSION = 1;
				GENERATE_INFOPLIST_FILE = YES;
				IPHONEOS_DEPLOYMENT_TARGET = 18.0;
				MARKETING_VERSION = 1.0;
				PRODUCT_BUNDLE_IDENTIFIER = fr.wadouachi.SwiftUiProjectTests;
				PRODUCT_NAME = "$(TARGET_NAME)";
				SWIFT_EMIT_LOC_STRINGS = NO;
				SWIFT_VERSION = 5.0;
				TARGETED_DEVICE_FAMILY = "1,2";
				TEST_HOST = "$(BUILT_PRODUCTS_DIR)/SwiftUiProject.app/$(BUNDLE_EXECUTABLE_FOLDER_PATH)/SwiftUiProject";
			};
			name = Debug;
		};
		EC6B4B632CBE8C3B00BEC9EE /* Release */ = {
			isa = XCBuildConfiguration;
			buildSettings = {
				BUNDLE_LOADER = "$(TEST_HOST)";
				CODE_SIGN_STYLE = Automatic;
				CURRENT_PROJECT_VERSION = 1;
				GENERATE_INFOPLIST_FILE = YES;
				IPHONEOS_DEPLOYMENT_TARGET = 18.0;
				MARKETING_VERSION = 1.0;
				PRODUCT_BUNDLE_IDENTIFIER = fr.wadouachi.SwiftUiProjectTests;
				PRODUCT_NAME = "$(TARGET_NAME)";
				SWIFT_EMIT_LOC_STRINGS = NO;
				SWIFT_VERSION = 5.0;
				TARGETED_DEVICE_FAMILY = "1,2";
				TEST_HOST = "$(BUILT_PRODUCTS_DIR)/SwiftUiProject.app/$(BUNDLE_EXECUTABLE_FOLDER_PATH)/SwiftUiProject";
			};
			name = Release;
		};
		EC6B4B652CBE8C3B00BEC9EE /* Debug */ = {
			isa = XCBuildConfiguration;
			buildSettings = {
				CODE_SIGN_STYLE = Automatic;
				CURRENT_PROJECT_VERSION = 1;
				GENERATE_INFOPLIST_FILE = YES;
				MARKETING_VERSION = 1.0;
				PRODUCT_BUNDLE_IDENTIFIER = fr.wadouachi.SwiftUiProjectUITests;
				PRODUCT_NAME = "$(TARGET_NAME)";
				SWIFT_EMIT_LOC_STRINGS = NO;
				SWIFT_VERSION = 5.0;
				TARGETED_DEVICE_FAMILY = "1,2";
				TEST_TARGET_NAME = SwiftUiProject;
			};
			name = Debug;
		};
		EC6B4B662CBE8C3B00BEC9EE /* Release */ = {
			isa = XCBuildConfiguration;
			buildSettings = {
				CODE_SIGN_STYLE = Automatic;
				CURRENT_PROJECT_VERSION = 1;
				GENERATE_INFOPLIST_FILE = YES;
				MARKETING_VERSION = 1.0;
				PRODUCT_BUNDLE_IDENTIFIER = fr.wadouachi.SwiftUiProjectUITests;
				PRODUCT_NAME = "$(TARGET_NAME)";
				SWIFT_EMIT_LOC_STRINGS = NO;
				SWIFT_VERSION = 5.0;
				TARGETED_DEVICE_FAMILY = "1,2";
				TEST_TARGET_NAME = SwiftUiProject;
			};
			name = Release;
		};
/* End XCBuildConfiguration section */

/* Begin XCConfigurationList section */
		EC6B4B352CBE8C3A00BEC9EE /* Build configuration list for PBXProject "SwiftUiProject" */ = {
			isa = XCConfigurationList;
			buildConfigurations = (
				EC6B4B5C2CBE8C3B00BEC9EE /* Debug */,
				EC6B4B5D2CBE8C3B00BEC9EE /* Release */,
			);
			defaultConfigurationIsVisible = 0;
			defaultConfigurationName = Release;
		};
		EC6B4B5E2CBE8C3B00BEC9EE /* Build configuration list for PBXNativeTarget "SwiftUiProject" */ = {
			isa = XCConfigurationList;
			buildConfigurations = (
				EC6B4B5F2CBE8C3B00BEC9EE /* Debug */,
				EC6B4B602CBE8C3B00BEC9EE /* Release */,
			);
			defaultConfigurationIsVisible = 0;
			defaultConfigurationName = Release;
		};
		EC6B4B612CBE8C3B00BEC9EE /* Build configuration list for PBXNativeTarget "SwiftUiProjectTests" */ = {
			isa = XCConfigurationList;
			buildConfigurations = (
				EC6B4B622CBE8C3B00BEC9EE /* Debug */,
				EC6B4B632CBE8C3B00BEC9EE /* Release */,
			);
			defaultConfigurationIsVisible = 0;
			defaultConfigurationName = Release;
		};
		EC6B4B642CBE8C3B00BEC9EE /* Build configuration list for PBXNativeTarget "SwiftUiProjectUITests" */ = {
			isa = XCConfigurationList;
			buildConfigurations = (
				EC6B4B652CBE8C3B00BEC9EE /* Debug */,
				EC6B4B662CBE8C3B00BEC9EE /* Release */,
			);
			defaultConfigurationIsVisible = 0;
			defaultConfigurationName = Release;
		};
/* End XCConfigurationList section */
	};
	rootObject = EC6B4B322CBE8C3A00BEC9EE /* Project object */;
}
